
Microsoft Visual Studio Solution File, Format Version 12.00
# Visual Studio Version 17
VisualStudioVersion = 17.7.34031.279
MinimumVisualStudioVersion = 10.0.40219.1
Project("{9A19103F-16F7-4668-BE54-9A1E7A4F7556}") = "SDHDotNetCore.ConsoleApp", "SDHDotNetCore.ConsoleApp\SDHDotNetCore.ConsoleApp.csproj", "{F1A95B95-34B9-4D5F-9318-67EADFE738A7}"
EndProject
Project("{9A19103F-16F7-4668-BE54-9A1E7A4F7556}") = "SDHDotNetCore.MvcApp", "SDHDotNetCore.MvcApp\SDHDotNetCore.MvcApp.csproj", "{9B42E86E-A481-4F69-8AA9-32AB4C1B982F}"
EndProject
Project("{9A19103F-16F7-4668-BE54-9A1E7A4F7556}") = "SDHDotNetCore.ThemeMvcApp", "SDHDotNetCore.ThemeMvcApp\SDHDotNetCore.ThemeMvcApp.csproj", "{0A60E8BE-D3E2-4D51-B252-D0BDFF3A229B}"
EndProject
Project("{9A19103F-16F7-4668-BE54-9A1E7A4F7556}") = "SDHDotNetCore.ATMMvcApp", "SDHDotNetCore.ATMMvcApp\SDHDotNetCore.ATMMvcApp.csproj", "{C9AC7895-062B-4F1E-B013-2AE23769C273}"
EndProject
Project("{9A19103F-16F7-4668-BE54-9A1E7A4F7556}") = "SDHDotNetCore.ATMWebApp", "SDHDotNetCore.ATMWebApp\SDHDotNetCore.ATMWebApp.csproj", "{B5FD3719-666F-4759-8892-E682822B238B}"
EndProject
Project("{9A19103F-16F7-4668-BE54-9A1E7A4F7556}") = "SDHDotNetCore.RestApi", "SDHDotNetCore.RestApi\SDHDotNetCore.RestApi.csproj", "{54603394-BB13-439F-8B31-5441F15DACBC}"
EndProject
Project("{9A19103F-16F7-4668-BE54-9A1E7A4F7556}") = "SDHDotNetCore.LoginWebApp", "SDHDotNetCore.LoginWebApp\SDHDotNetCore.LoginWebApp.csproj", "{664EED67-E9FE-4081-8411-71FB9ABFC55A}"
EndProject
Project("{FAE04EC0-301F-11D3-BF4B-00C04F79EFBC}") = "SDHDotNetCore.MinimalApi", "SDHDotNetCore.MinimalApi\SDHDotNetCore.MinimalApi.csproj", "{BBC3E676-E05D-4327-AEB5-3BA38D887BA3}"
EndProject
Global
	GlobalSection(SolutionConfigurationPlatforms) = preSolution
		Debug|Any CPU = Debug|Any CPU
		Release|Any CPU = Release|Any CPU
	EndGlobalSection
	GlobalSection(ProjectConfigurationPlatforms) = postSolution
		{F1A95B95-34B9-4D5F-9318-67EADFE738A7}.Debug|Any CPU.ActiveCfg = Debug|Any CPU
		{F1A95B95-34B9-4D5F-9318-67EADFE738A7}.Debug|Any CPU.Build.0 = Debug|Any CPU
		{F1A95B95-34B9-4D5F-9318-67EADFE738A7}.Release|Any CPU.ActiveCfg = Release|Any CPU
		{F1A95B95-34B9-4D5F-9318-67EADFE738A7}.Release|Any CPU.Build.0 = Release|Any CPU
		{9B42E86E-A481-4F69-8AA9-32AB4C1B982F}.Debug|Any CPU.ActiveCfg = Debug|Any CPU
		{9B42E86E-A481-4F69-8AA9-32AB4C1B982F}.Debug|Any CPU.Build.0 = Debug|Any CPU
		{9B42E86E-A481-4F69-8AA9-32AB4C1B982F}.Release|Any CPU.ActiveCfg = Release|Any CPU
		{9B42E86E-A481-4F69-8AA9-32AB4C1B982F}.Release|Any CPU.Build.0 = Release|Any CPU
		{0A60E8BE-D3E2-4D51-B252-D0BDFF3A229B}.Debug|Any CPU.ActiveCfg = Debug|Any CPU
		{0A60E8BE-D3E2-4D51-B252-D0BDFF3A229B}.Debug|Any CPU.Build.0 = Debug|Any CPU
		{0A60E8BE-D3E2-4D51-B252-D0BDFF3A229B}.Release|Any CPU.ActiveCfg = Release|Any CPU
		{0A60E8BE-D3E2-4D51-B252-D0BDFF3A229B}.Release|Any CPU.Build.0 = Release|Any CPU
		{C9AC7895-062B-4F1E-B013-2AE23769C273}.Debug|Any CPU.ActiveCfg = Debug|Any CPU
		{C9AC7895-062B-4F1E-B013-2AE23769C273}.Debug|Any CPU.Build.0 = Debug|Any CPU
		{C9AC7895-062B-4F1E-B013-2AE23769C273}.Release|Any CPU.ActiveCfg = Release|Any CPU
		{C9AC7895-062B-4F1E-B013-2AE23769C273}.Release|Any CPU.Build.0 = Release|Any CPU
		{B5FD3719-666F-4759-8892-E682822B238B}.Debug|Any CPU.ActiveCfg = Debug|Any CPU
		{B5FD3719-666F-4759-8892-E682822B238B}.Debug|Any CPU.Build.0 = Debug|Any CPU
		{B5FD3719-666F-4759-8892-E682822B238B}.Release|Any CPU.ActiveCfg = Release|Any CPU
		{B5FD3719-666F-4759-8892-E682822B238B}.Release|Any CPU.Build.0 = Release|Any CPU
		{54603394-BB13-439F-8B31-5441F15DACBC}.Debug|Any CPU.ActiveCfg = Debug|Any CPU
		{54603394-BB13-439F-8B31-5441F15DACBC}.Debug|Any CPU.Build.0 = Debug|Any CPU
		{54603394-BB13-439F-8B31-5441F15DACBC}.Release|Any CPU.ActiveCfg = Release|Any CPU
		{54603394-BB13-439F-8B31-5441F15DACBC}.Release|Any CPU.Build.0 = Release|Any CPU
		{664EED67-E9FE-4081-8411-71FB9ABFC55A}.Debug|Any CPU.ActiveCfg = Debug|Any CPU
		{664EED67-E9FE-4081-8411-71FB9ABFC55A}.Debug|Any CPU.Build.0 = Debug|Any CPU
		{664EED67-E9FE-4081-8411-71FB9ABFC55A}.Release|Any CPU.ActiveCfg = Release|Any CPU
		{664EED67-E9FE-4081-8411-71FB9ABFC55A}.Release|Any CPU.Build.0 = Release|Any CPU
		{BBC3E676-E05D-4327-AEB5-3BA38D887BA3}.Debug|Any CPU.ActiveCfg = Debug|Any CPU
		{BBC3E676-E05D-4327-AEB5-3BA38D887BA3}.Debug|Any CPU.Build.0 = Debug|Any CPU
		{BBC3E676-E05D-4327-AEB5-3BA38D887BA3}.Release|Any CPU.ActiveCfg = Release|Any CPU
		{BBC3E676-E05D-4327-AEB5-3BA38D887BA3}.Release|Any CPU.Build.0 = Release|Any CPU
	EndGlobalSection
	GlobalSection(SolutionProperties) = preSolution
		HideSolutionNode = FALSE
	EndGlobalSection
	GlobalSection(ExtensibilityGlobals) = postSolution
		SolutionGuid = {7C581668-1E9D-473D-BD76-5FDD1F0D35E9}
	EndGlobalSection
EndGlobal
