
Microsoft Visual Studio Solution File, Format Version 12.00
# Visual Studio Version 17
VisualStudioVersion = 17.7.34031.279
MinimumVisualStudioVersion = 10.0.40219.1
Project("{9A19103F-16F7-4668-BE54-9A1E7A4F7556}") = "SDHDotNetCore.ConsoleApp", "SDHDotNetCore.ConsoleApp\SDHDotNetCore.ConsoleApp.csproj", "{F1A95B95-34B9-4D5F-9318-67EADFE738A7}"
EndProject
Project("{9A19103F-16F7-4668-BE54-9A1E7A4F7556}") = "SDHDotNetCore.RestApi", "..\SDHDotNetCore.RestApi\SDHDotNetCore.RestApi\SDHDotNetCore.RestApi.csproj", "{101F092F-02AA-4E30-98D5-A2FA463F136E}"
EndProject
Project("{9A19103F-16F7-4668-BE54-9A1E7A4F7556}") = "HWDotNetCore.RestAPI", "HWDotNetCore\HWDotNetCore.RestAPI.csproj", "{F696223F-613D-4C9E-87F8-881B59BAE250}"
EndProject
Project("{9A19103F-16F7-4668-BE54-9A1E7A4F7556}") = "HWDotNetCore.ConsoleApp", "HWDotNetCore.ConsoleApp\HWDotNetCore.ConsoleApp.csproj", "{0B4849C9-5270-4E6C-8E63-9AB3174C640A}"
EndProject
Project("{FAE04EC0-301F-11D3-BF4B-00C04F79EFBC}") = "SDHDotNetCore.MvcApp", "SDHDotNetCore.MvcApp\SDHDotNetCore.MvcApp.csproj", "{9B42E86E-A481-4F69-8AA9-32AB4C1B982F}"
EndProject
Global
	GlobalSection(SolutionConfigurationPlatforms) = preSolution
		Debug|Any CPU = Debug|Any CPU
		Release|Any CPU = Release|Any CPU
	EndGlobalSection
	GlobalSection(ProjectConfigurationPlatforms) = postSolution
		{F1A95B95-34B9-4D5F-9318-67EADFE738A7}.Debug|Any CPU.ActiveCfg = Debug|Any CPU
		{F1A95B95-34B9-4D5F-9318-67EADFE738A7}.Debug|Any CPU.Build.0 = Debug|Any CPU
		{F1A95B95-34B9-4D5F-9318-67EADFE738A7}.Release|Any CPU.ActiveCfg = Release|Any CPU
		{F1A95B95-34B9-4D5F-9318-67EADFE738A7}.Release|Any CPU.Build.0 = Release|Any CPU
		{101F092F-02AA-4E30-98D5-A2FA463F136E}.Debug|Any CPU.ActiveCfg = Debug|Any CPU
		{101F092F-02AA-4E30-98D5-A2FA463F136E}.Debug|Any CPU.Build.0 = Debug|Any CPU
		{101F092F-02AA-4E30-98D5-A2FA463F136E}.Release|Any CPU.ActiveCfg = Release|Any CPU
		{101F092F-02AA-4E30-98D5-A2FA463F136E}.Release|Any CPU.Build.0 = Release|Any CPU
		{F696223F-613D-4C9E-87F8-881B59BAE250}.Debug|Any CPU.ActiveCfg = Debug|Any CPU
		{F696223F-613D-4C9E-87F8-881B59BAE250}.Debug|Any CPU.Build.0 = Debug|Any CPU
		{F696223F-613D-4C9E-87F8-881B59BAE250}.Release|Any CPU.ActiveCfg = Release|Any CPU
		{F696223F-613D-4C9E-87F8-881B59BAE250}.Release|Any CPU.Build.0 = Release|Any CPU
		{0B4849C9-5270-4E6C-8E63-9AB3174C640A}.Debug|Any CPU.ActiveCfg = Debug|Any CPU
		{0B4849C9-5270-4E6C-8E63-9AB3174C640A}.Debug|Any CPU.Build.0 = Debug|Any CPU
		{0B4849C9-5270-4E6C-8E63-9AB3174C640A}.Release|Any CPU.ActiveCfg = Release|Any CPU
		{0B4849C9-5270-4E6C-8E63-9AB3174C640A}.Release|Any CPU.Build.0 = Release|Any CPU
		{9B42E86E-A481-4F69-8AA9-32AB4C1B982F}.Debug|Any CPU.ActiveCfg = Debug|Any CPU
		{9B42E86E-A481-4F69-8AA9-32AB4C1B982F}.Debug|Any CPU.Build.0 = Debug|Any CPU
		{9B42E86E-A481-4F69-8AA9-32AB4C1B982F}.Release|Any CPU.ActiveCfg = Release|Any CPU
		{9B42E86E-A481-4F69-8AA9-32AB4C1B982F}.Release|Any CPU.Build.0 = Release|Any CPU
	EndGlobalSection
	GlobalSection(SolutionProperties) = preSolution
		HideSolutionNode = FALSE
	EndGlobalSection
	GlobalSection(ExtensibilityGlobals) = postSolution
		SolutionGuid = {7C581668-1E9D-473D-BD76-5FDD1F0D35E9}
	EndGlobalSection
EndGlobal
